{
  "name": "reactjs-starter",
  "version": "0.1.1",
  "lockfileVersion": 1,
  "requires": true,
  "dependencies": {
    "prismic.io": {
      "version": "3.6.1",
      "resolved": "https://registry.npmjs.org/prismic.io/-/prismic.io-3.6.1.tgz",
      "integrity": "sha1-hFiH8GGVHx/6gv0xmz6q8z/F4+M="
    }
  }
}
